// !$*UTF8*$!
{
	archiveVersion = 1;
	classes = {
	};
	objectVersion = 46;
	objects = {

/* Begin PBXBuildFile section */
		D53769ED1AF6F34600C6F89D /* main.m in Sources */ = {isa = PBXBuildFile; fileRef = D53769EC1AF6F34600C6F89D /* main.m */; };
		D53769F01AF6F34600C6F89D /* AppDelegate.m in Sources */ = {isa = PBXBuildFile; fileRef = D53769EF1AF6F34600C6F89D /* AppDelegate.m */; };
		D53769F31AF6F34600C6F89D /* PlaylistMasterViewController.m in Sources */ = {isa = PBXBuildFile; fileRef = D53769F21AF6F34600C6F89D /* PlaylistMasterViewController.m */; };
		D53769F61AF6F34600C6F89D /* Main.storyboard in Resources */ = {isa = PBXBuildFile; fileRef = D53769F41AF6F34600C6F89D /* Main.storyboard */; };
		D53769F81AF6F34600C6F89D /* Images.xcassets in Resources */ = {isa = PBXBuildFile; fileRef = D53769F71AF6F34600C6F89D /* Images.xcassets */; };
		D53769FB1AF6F34600C6F89D /* LaunchScreen.xib in Resources */ = {isa = PBXBuildFile; fileRef = D53769F91AF6F34600C6F89D /* LaunchScreen.xib */; };
		D5376A071AF6F34600C6F89D /* AlgorhythmTests.m in Sources */ = {isa = PBXBuildFile; fileRef = D5376A061AF6F34600C6F89D /* AlgorhythmTests.m */; };
		D5376A121AF744D600C6F89D /* PlaylistDetailViewController.m in Sources */ = {isa = PBXBuildFile; fileRef = D5376A111AF744D600C6F89D /* PlaylistDetailViewController.m */; };
		D5376A151AF7528D00C6F89D /* MusicLibrary.m in Sources */ = {isa = PBXBuildFile; fileRef = D5376A141AF7528D00C6F89D /* MusicLibrary.m */; };
		D5376A181AF7578B00C6F89D /* Playlist.m in Sources */ = {isa = PBXBuildFile; fileRef = D5376A171AF7578B00C6F89D /* Playlist.m */; };
/* End PBXBuildFile section */

/* Begin PBXContainerItemProxy section */
		D5376A011AF6F34600C6F89D /* PBXContainerItemProxy */ = {
			isa = PBXContainerItemProxy;
			containerPortal = D53769DF1AF6F34600C6F89D /* Project object */;
			proxyType = 1;
			remoteGlobalIDString = D53769E61AF6F34600C6F89D;
			remoteInfo = Algorhythm;
		};
/* End PBXContainerItemProxy section */

/* Begin PBXFileReference section */
		D53769E71AF6F34600C6F89D /* Algorhythm.app */ = {isa = PBXFileReference; explicitFileType = wrapper.application; includeInIndex = 0; path = Algorhythm.app; sourceTree = BUILT_PRODUCTS_DIR; };
		D53769EB1AF6F34600C6F89D /* Info.plist */ = {isa = PBXFileReference; lastKnownFileType = text.plist.xml; path = Info.plist; sourceTree = "<group>"; };
		D53769EC1AF6F34600C6F89D /* main.m */ = {isa = PBXFileReference; lastKnownFileType = sourcecode.c.objc; path = main.m; sourceTree = "<group>"; };
		D53769EE1AF6F34600C6F89D /* AppDelegate.h */ = {isa = PBXFileReference; lastKnownFileType = sourcecode.c.h; path = AppDelegate.h; sourceTree = "<group>"; };
		D53769EF1AF6F34600C6F89D /* AppDelegate.m */ = {isa = PBXFileReference; lastKnownFileType = sourcecode.c.objc; path = AppDelegate.m; sourceTree = "<group>"; };
		D53769F11AF6F34600C6F89D /* PlaylistMasterViewController.h */ = {isa = PBXFileReference; lastKnownFileType = sourcecode.c.h; path = PlaylistMasterViewController.h; sourceTree = "<group>"; };
		D53769F21AF6F34600C6F89D /* PlaylistMasterViewController.m */ = {isa = PBXFileReference; lastKnownFileType = sourcecode.c.objc; path = PlaylistMasterViewController.m; sourceTree = "<group>"; };
		D53769F51AF6F34600C6F89D /* Base */ = {isa = PBXFileReference; lastKnownFileType = file.storyboard; name = Base; path = Base.lproj/Main.storyboard; sourceTree = "<group>"; };
		D53769F71AF6F34600C6F89D /* Images.xcassets */ = {isa = PBXFileReference; lastKnownFileType = folder.assetcatalog; path = Images.xcassets; sourceTree = "<group>"; };
		D53769FA1AF6F34600C6F89D /* Base */ = {isa = PBXFileReference; lastKnownFileType = file.xib; name = Base; path = Base.lproj/LaunchScreen.xib; sourceTree = "<group>"; };
		D5376A001AF6F34600C6F89D /* AlgorhythmTests.xctest */ = {isa = PBXFileReference; explicitFileType = wrapper.cfbundle; includeInIndex = 0; path = AlgorhythmTests.xctest; sourceTree = BUILT_PRODUCTS_DIR; };
		D5376A051AF6F34600C6F89D /* Info.plist */ = {isa = PBXFileReference; lastKnownFileType = text.plist.xml; path = Info.plist; sourceTree = "<group>"; };
		D5376A061AF6F34600C6F89D /* AlgorhythmTests.m */ = {isa = PBXFileReference; lastKnownFileType = sourcecode.c.objc; path = AlgorhythmTests.m; sourceTree = "<group>"; };
		D5376A101AF744D600C6F89D /* PlaylistDetailViewController.h */ = {isa = PBXFileReference; fileEncoding = 4; lastKnownFileType = sourcecode.c.h; path = PlaylistDetailViewController.h; sourceTree = "<group>"; };
		D5376A111AF744D600C6F89D /* PlaylistDetailViewController.m */ = {isa = PBXFileReference; fileEncoding = 4; lastKnownFileType = sourcecode.c.objc; path = PlaylistDetailViewController.m; sourceTree = "<group>"; };
		D5376A131AF7528D00C6F89D /* MusicLibrary.h */ = {isa = PBXFileReference; fileEncoding = 4; lastKnownFileType = sourcecode.c.h; path = MusicLibrary.h; sourceTree = "<group>"; };
		D5376A141AF7528D00C6F89D /* MusicLibrary.m */ = {isa = PBXFileReference; fileEncoding = 4; lastKnownFileType = sourcecode.c.objc; path = MusicLibrary.m; sourceTree = "<group>"; };
		D5376A161AF7578B00C6F89D /* Playlist.h */ = {isa = PBXFileReference; fileEncoding = 4; lastKnownFileType = sourcecode.c.h; path = Playlist.h; sourceTree = "<group>"; };
		D5376A171AF7578B00C6F89D /* Playlist.m */ = {isa = PBXFileReference; fileEncoding = 4; lastKnownFileType = sourcecode.c.objc; path = Playlist.m; sourceTree = "<group>"; };
/* End PBXFileReference section */

/* Begin PBXFrameworksBuildPhase section */
		D53769E41AF6F34600C6F89D /* Frameworks */ = {
			isa = PBXFrameworksBuildPhase;
			buildActionMask = 2147483647;
			files = (
			);
			runOnlyForDeploymentPostprocessing = 0;
		};
		D53769FD1AF6F34600C6F89D /* Frameworks */ = {
			isa = PBXFrameworksBuildPhase;
			buildActionMask = 2147483647;
			files = (
			);
			runOnlyForDeploymentPostprocessing = 0;
		};
/* End PBXFrameworksBuildPhase section */

/* Begin PBXGroup section */
		D53769DE1AF6F34600C6F89D = {
			isa = PBXGroup;
			children = (
				D53769E91AF6F34600C6F89D /* Algorhythm */,
				D5376A031AF6F34600C6F89D /* AlgorhythmTests */,
				D53769E81AF6F34600C6F89D /* Products */,
			);
			sourceTree = "<group>";
		};
		D53769E81AF6F34600C6F89D /* Products */ = {
			isa = PBXGroup;
			children = (
				D53769E71AF6F34600C6F89D /* Algorhythm.app */,
				D5376A001AF6F34600C6F89D /* AlgorhythmTests.xctest */,
			);
			name = Products;
			sourceTree = "<group>";
		};
		D53769E91AF6F34600C6F89D /* Algorhythm */ = {
			isa = PBXGroup;
			children = (
				D53769EE1AF6F34600C6F89D /* AppDelegate.h */,
				D53769EF1AF6F34600C6F89D /* AppDelegate.m */,
				D53769F11AF6F34600C6F89D /* PlaylistMasterViewController.h */,
				D53769F21AF6F34600C6F89D /* PlaylistMasterViewController.m */,
				D5376A101AF744D600C6F89D /* PlaylistDetailViewController.h */,
				D5376A111AF744D600C6F89D /* PlaylistDetailViewController.m */,
				D5376A131AF7528D00C6F89D /* MusicLibrary.h */,
				D5376A141AF7528D00C6F89D /* MusicLibrary.m */,
				D5376A161AF7578B00C6F89D /* Playlist.h */,
				D5376A171AF7578B00C6F89D /* Playlist.m */,
				D53769F41AF6F34600C6F89D /* Main.storyboard */,
				D53769F71AF6F34600C6F89D /* Images.xcassets */,
				D53769F91AF6F34600C6F89D /* LaunchScreen.xib */,
				D53769EA1AF6F34600C6F89D /* Supporting Files */,
			);
			path = Algorhythm;
			sourceTree = "<group>";
		};
		D53769EA1AF6F34600C6F89D /* Supporting Files */ = {
			isa = PBXGroup;
			children = (
				D53769EB1AF6F34600C6F89D /* Info.plist */,
				D53769EC1AF6F34600C6F89D /* main.m */,
			);
			name = "Supporting Files";
			sourceTree = "<group>";
		};
		D5376A031AF6F34600C6F89D /* AlgorhythmTests */ = {
			isa = PBXGroup;
			children = (
				D5376A061AF6F34600C6F89D /* AlgorhythmTests.m */,
				D5376A041AF6F34600C6F89D /* Supporting Files */,
			);
			path = AlgorhythmTests;
			sourceTree = "<group>";
		};
		D5376A041AF6F34600C6F89D /* Supporting Files */ = {
			isa = PBXGroup;
			children = (
				D5376A051AF6F34600C6F89D /* Info.plist */,
			);
			name = "Supporting Files";
			sourceTree = "<group>";
		};
/* End PBXGroup section */

/* Begin PBXNativeTarget section */
		D53769E61AF6F34600C6F89D /* Algorhythm */ = {
			isa = PBXNativeTarget;
			buildConfigurationList = D5376A0A1AF6F34600C6F89D /* Build configuration list for PBXNativeTarget "Algorhythm" */;
			buildPhases = (
				D53769E31AF6F34600C6F89D /* Sources */,
				D53769E41AF6F34600C6F89D /* Frameworks */,
				D53769E51AF6F34600C6F89D /* Resources */,
			);
			buildRules = (
			);
			dependencies = (
			);
			name = Algorhythm;
			productName = Algorhythm;
			productReference = D53769E71AF6F34600C6F89D /* Algorhythm.app */;
			productType = "com.apple.product-type.application";
		};
		D53769FF1AF6F34600C6F89D /* AlgorhythmTests */ = {
			isa = PBXNativeTarget;
			buildConfigurationList = D5376A0D1AF6F34600C6F89D /* Build configuration list for PBXNativeTarget "AlgorhythmTests" */;
			buildPhases = (
				D53769FC1AF6F34600C6F89D /* Sources */,
				D53769FD1AF6F34600C6F89D /* Frameworks */,
				D53769FE1AF6F34600C6F89D /* Resources */,
			);
			buildRules = (
			);
			dependencies = (
				D5376A021AF6F34600C6F89D /* PBXTargetDependency */,
			);
			name = AlgorhythmTests;
			productName = AlgorhythmTests;
			productReference = D5376A001AF6F34600C6F89D /* AlgorhythmTests.xctest */;
			productType = "com.apple.product-type.bundle.unit-test";
		};
/* End PBXNativeTarget section */

/* Begin PBXProject section */
		D53769DF1AF6F34600C6F89D /* Project object */ = {
			isa = PBXProject;
			attributes = {
				LastUpgradeCheck = 0630;
				ORGANIZATIONNAME = "Sunny Surdhar";
				TargetAttributes = {
					D53769E61AF6F34600C6F89D = {
						CreatedOnToolsVersion = 6.3;
					};
					D53769FF1AF6F34600C6F89D = {
						CreatedOnToolsVersion = 6.3;
						TestTargetID = D53769E61AF6F34600C6F89D;
					};
				};
			};
			buildConfigurationList = D53769E21AF6F34600C6F89D /* Build configuration list for PBXProject "Algorhythm" */;
			compatibilityVersion = "Xcode 3.2";
			developmentRegion = English;
			hasScannedForEncodings = 0;
			knownRegions = (
				en,
				Base,
			);
			mainGroup = D53769DE1AF6F34600C6F89D;
			productRefGroup = D53769E81AF6F34600C6F89D /* Products */;
			projectDirPath = "";
			projectRoot = "";
			targets = (
				D53769E61AF6F34600C6F89D /* Algorhythm */,
				D53769FF1AF6F34600C6F89D /* AlgorhythmTests */,
			);
		};
/* End PBXProject section */

/* Begin PBXResourcesBuildPhase section */
		D53769E51AF6F34600C6F89D /* Resources */ = {
			isa = PBXResourcesBuildPhase;
			buildActionMask = 2147483647;
			files = (
				D53769F61AF6F34600C6F89D /* Main.storyboard in Resources */,
				D53769FB1AF6F34600C6F89D /* LaunchScreen.xib in Resources */,
				D53769F81AF6F34600C6F89D /* Images.xcassets in Resources */,
			);
			runOnlyForDeploymentPostprocessing = 0;
		};
		D53769FE1AF6F34600C6F89D /* Resources */ = {
			isa = PBXResourcesBuildPhase;
			buildActionMask = 2147483647;
			files = (
			);
			runOnlyForDeploymentPostprocessing = 0;
		};
/* End PBXResourcesBuildPhase section */

/* Begin PBXSourcesBuildPhase section */
		D53769E31AF6F34600C6F89D /* Sources */ = {
			isa = PBXSourcesBuildPhase;
			buildActionMask = 2147483647;
			files = (
				D53769F31AF6F34600C6F89D /* PlaylistMasterViewController.m in Sources */,
				D5376A181AF7578B00C6F89D /* Playlist.m in Sources */,
				D5376A121AF744D600C6F89D /* PlaylistDetailViewController.m in Sources */,
				D53769F01AF6F34600C6F89D /* AppDelegate.m in Sources */,
				D53769ED1AF6F34600C6F89D /* main.m in Sources */,
				D5376A151AF7528D00C6F89D /* MusicLibrary.m in Sources */,
			);
			runOnlyForDeploymentPostprocessing = 0;
		};
		D53769FC1AF6F34600C6F89D /* Sources */ = {
			isa = PBXSourcesBuildPhase;
			buildActionMask = 2147483647;
			files = (
				D5376A071AF6F34600C6F89D /* AlgorhythmTests.m in Sources */,
			);
			runOnlyForDeploymentPostprocessing = 0;
		};
/* End PBXSourcesBuildPhase section */

/* Begin PBXTargetDependency section */
		D5376A021AF6F34600C6F89D /* PBXTargetDependency */ = {
			isa = PBXTargetDependency;
			target = D53769E61AF6F34600C6F89D /* Algorhythm */;
			targetProxy = D5376A011AF6F34600C6F89D /* PBXContainerItemProxy */;
		};
/* End PBXTargetDependency section */

/* Begin PBXVariantGroup section */
		D53769F41AF6F34600C6F89D /* Main.storyboard */ = {
			isa = PBXVariantGroup;
			children = (
				D53769F51AF6F34600C6F89D /* Base */,
			);
			name = Main.storyboard;
			sourceTree = "<group>";
		};
		D53769F91AF6F34600C6F89D /* LaunchScreen.xib */ = {
			isa = PBXVariantGroup;
			children = (
				D53769FA1AF6F34600C6F89D /* Base */,
			);
			name = LaunchScreen.xib;
			sourceTree = "<group>";
		};
/* End PBXVariantGroup section */

/* Begin XCBuildConfiguration section */
		D5376A081AF6F34600C6F89D /* Debug */ = {
			isa = XCBuildConfiguration;
			buildSettings = {
				ALWAYS_SEARCH_USER_PATHS = NO;
				CLANG_CXX_LANGUAGE_STANDARD = "gnu++0x";
				CLANG_CXX_LIBRARY = "libc++";
				CLANG_ENABLE_MODULES = YES;
				CLANG_ENABLE_OBJC_ARC = YES;
				CLANG_WARN_BOOL_CONVERSION = YES;
				CLANG_WARN_CONSTANT_CONVERSION = YES;
				CLANG_WARN_DIRECT_OBJC_ISA_USAGE = YES_ERROR;
				CLANG_WARN_EMPTY_BODY = YES;
				CLANG_WARN_ENUM_CONVERSION = YES;
				CLANG_WARN_INT_CONVERSION = YES;
				CLANG_WARN_OBJC_ROOT_CLASS = YES_ERROR;
				CLANG_WARN_UNREACHABLE_CODE = YES;
				CLANG_WARN__DUPLICATE_METHOD_MATCH = YES;
				"CODE_SIGN_IDENTITY[sdk=iphoneos*]" = "iPhone Developer";
				COPY_PHASE_STRIP = NO;
				DEBUG_INFORMATION_FORMAT = "dwarf-with-dsym";
				ENABLE_STRICT_OBJC_MSGSEND = YES;
				GCC_C_LANGUAGE_STANDARD = gnu99;
				GCC_DYNAMIC_NO_PIC = NO;
				GCC_NO_COMMON_BLOCKS = YES;
				GCC_OPTIMIZATION_LEVEL = 0;
				GCC_PREPROCESSOR_DEFINITIONS = (
					"DEBUG=1",
					"$(inherited)",
				);
				GCC_SYMBOLS_PRIVATE_EXTERN = NO;
				GCC_WARN_64_TO_32_BIT_CONVERSION = YES;
				GCC_WARN_ABOUT_RETURN_TYPE = YES_ERROR;
				GCC_WARN_UNDECLARED_SELECTOR = YES;
				GCC_WARN_UNINITIALIZED_AUTOS = YES_AGGRESSIVE;
				GCC_WARN_UNUSED_FUNCTION = YES;
				GCC_WARN_UNUSED_VARIABLE = YES;
				IPHONEOS_DEPLOYMENT_TARGET = 8.3;
				MTL_ENABLE_DEBUG_INFO = YES;
				ONLY_ACTIVE_ARCH = YES;
				SDKROOT = iphoneos;
			};
			name = Debug;
		};
		D5376A091AF6F34600C6F89D /* Release */ = {
			isa = XCBuildConfiguration;
			buildSettings = {
				ALWAYS_SEARCH_USER_PATHS = NO;
				CLANG_CXX_LANGUAGE_STANDARD = "gnu++0x";
				CLANG_CXX_LIBRARY = "libc++";
				CLANG_ENABLE_MODULES = YES;
				CLANG_ENABLE_OBJC_ARC = YES;
				CLANG_WARN_BOOL_CONVERSION = YES;
				CLANG_WARN_CONSTANT_CONVERSION = YES;
				CLANG_WARN_DIRECT_OBJC_ISA_USAGE = YES_ERROR;
				CLANG_WARN_EMPTY_BODY = YES;
				CLANG_WARN_ENUM_CONVERSION = YES;
				CLANG_WARN_INT_CONVERSION = YES;
				CLANG_WARN_OBJC_ROOT_CLASS = YES_ERROR;
				CLANG_WARN_UNREACHABLE_CODE = YES;
				CLANG_WARN__DUPLICATE_METHOD_MATCH = YES;
				"CODE_SIGN_IDENTITY[sdk=iphoneos*]" = "iPhone Developer";
				COPY_PHASE_STRIP = NO;
				DEBUG_INFORMATION_FORMAT = "dwarf-with-dsym";
				ENABLE_NS_ASSERTIONS = NO;
				ENABLE_STRICT_OBJC_MSGSEND = YES;
				GCC_C_LANGUAGE_STANDARD = gnu99;
				GCC_NO_COMMON_BLOCKS = YES;
				GCC_WARN_64_TO_32_BIT_CONVERSION = YES;
				GCC_WARN_ABOUT_RETURN_TYPE = YES_ERROR;
				GCC_WARN_UNDECLARED_SELECTOR = YES;
				GCC_WARN_UNINITIALIZED_AUTOS = YES_AGGRESSIVE;
				GCC_WARN_UNUSED_FUNCTION = YES;
				GCC_WARN_UNUSED_VARIABLE = YES;
				IPHONEOS_DEPLOYMENT_TARGET = 8.3;
				MTL_ENABLE_DEBUG_INFO = NO;
				SDKROOT = iphoneos;
				VALIDATE_PRODUCT = YES;
			};
			name = Release;
		};
		D5376A0B1AF6F34600C6F89D /* Debug */ = {
			isa = XCBuildConfiguration;
			buildSettings = {
				ASSETCATALOG_COMPILER_APPICON_NAME = AppIcon;
				INFOPLIST_FILE = Algorhythm/Info.plist;
				LD_RUNPATH_SEARCH_PATHS = "$(inherited) @executable_path/Frameworks";
				PRODUCT_NAME = "$(TARGET_NAME)";
			};
			name = Debug;
		};
		D5376A0C1AF6F34600C6F89D /* Release */ = {
			isa = XCBuildConfiguration;
			buildSettings = {
				ASSETCATALOG_COMPILER_APPICON_NAME = AppIcon;
				INFOPLIST_FILE = Algorhythm/Info.plist;
				LD_RUNPATH_SEARCH_PATHS = "$(inherited) @executable_path/Frameworks";
				PRODUCT_NAME = "$(TARGET_NAME)";
			};
			name = Release;
		};
		D5376A0E1AF6F34600C6F89D /* Debug */ = {
			isa = XCBuildConfiguration;
			buildSettings = {
				BUNDLE_LOADER = "$(TEST_HOST)";
				FRAMEWORK_SEARCH_PATHS = (
					"$(SDKROOT)/Developer/Library/Frameworks",
					"$(inherited)",
				);
				GCC_PREPROCESSOR_DEFINITIONS = (
					"DEBUG=1",
					"$(inherited)",
				);
				INFOPLIST_FILE = AlgorhythmTests/Info.plist;
				LD_RUNPATH_SEARCH_PATHS = "$(inherited) @executable_path/Frameworks @loader_path/Frameworks";
				PRODUCT_NAME = "$(TARGET_NAME)";
				TEST_HOST = "$(BUILT_PRODUCTS_DIR)/Algorhythm.app/Algorhythm";
			};
			name = Debug;
		};
		D5376A0F1AF6F34600C6F89D /* Release */ = {
			isa = XCBuildConfiguration;
			buildSettings = {
				BUNDLE_LOADER = "$(TEST_HOST)";
				FRAMEWORK_SEARCH_PATHS = (
					"$(SDKROOT)/Developer/Library/Frameworks",
					"$(inherited)",
				);
				INFOPLIST_FILE = AlgorhythmTests/Info.plist;
				LD_RUNPATH_SEARCH_PATHS = "$(inherited) @executable_path/Frameworks @loader_path/Frameworks";
				PRODUCT_NAME = "$(TARGET_NAME)";
				TEST_HOST = "$(BUILT_PRODUCTS_DIR)/Algorhythm.app/Algorhythm";
			};
			name = Release;
		};
/* End XCBuildConfiguration section */

/* Begin XCConfigurationList section */
		D53769E21AF6F34600C6F89D /* Build configuration list for PBXProject "Algorhythm" */ = {
			isa = XCConfigurationList;
			buildConfigurations = (
				D5376A081AF6F34600C6F89D /* Debug */,
				D5376A091AF6F34600C6F89D /* Release */,
			);
			defaultConfigurationIsVisible = 0;
			defaultConfigurationName = Release;
		};
		D5376A0A1AF6F34600C6F89D /* Build configuration list for PBXNativeTarget "Algorhythm" */ = {
			isa = XCConfigurationList;
			buildConfigurations = (
				D5376A0B1AF6F34600C6F89D /* Debug */,
				D5376A0C1AF6F34600C6F89D /* Release */,
			);
			defaultConfigurationIsVisible = 0;
		};
		D5376A0D1AF6F34600C6F89D /* Build configuration list for PBXNativeTarget "AlgorhythmTests" */ = {
			isa = XCConfigurationList;
			buildConfigurations = (
				D5376A0E1AF6F34600C6F89D /* Debug */,
				D5376A0F1AF6F34600C6F89D /* Release */,
			);
			defaultConfigurationIsVisible = 0;
		};
/* End XCConfigurationList section */
	};
	rootObject = D53769DF1AF6F34600C6F89D /* Project object */;
}
